// !$*UTF8*$!
{
	archiveVersion = 1;
	classes = {
	};
	objectVersion = 50;
	objects = {

/* Begin PBXBuildFile section */
		D174DD84247E16E300FE5747 /* SettingsVC.swift in Sources */ = {isa = PBXBuildFile; fileRef = D174DD83247E16E300FE5747 /* SettingsVC.swift */; };
		D174DD87247E311800FE5747 /* Settings.swift in Sources */ = {isa = PBXBuildFile; fileRef = D174DD86247E311800FE5747 /* Settings.swift */; };
		D174DD8A247E32EB00FE5747 /* UIColor+Ext.swift in Sources */ = {isa = PBXBuildFile; fileRef = D174DD89247E32EB00FE5747 /* UIColor+Ext.swift */; };
		D174DD8C247E465D00FE5747 /* Notification+Ext.swift in Sources */ = {isa = PBXBuildFile; fileRef = D174DD8B247E465D00FE5747 /* Notification+Ext.swift */; };
		D185EE3A247F24B300CC41B8 /* PresetCell.swift in Sources */ = {isa = PBXBuildFile; fileRef = D185EE39247F24B300CC41B8 /* PresetCell.swift */; };
		D199EEC9247E68C5009427E7 /* ShapePreset.swift in Sources */ = {isa = PBXBuildFile; fileRef = D199EEC8247E68C5009427E7 /* ShapePreset.swift */; };
		D1F517C62478A49A00A6635E /* AppDelegate.swift in Sources */ = {isa = PBXBuildFile; fileRef = D1F517C52478A49A00A6635E /* AppDelegate.swift */; };
		D1F517C82478A49A00A6635E /* SceneDelegate.swift in Sources */ = {isa = PBXBuildFile; fileRef = D1F517C72478A49A00A6635E /* SceneDelegate.swift */; };
		D1F517CD2478A49A00A6635E /* Main.storyboard in Resources */ = {isa = PBXBuildFile; fileRef = D1F517CB2478A49A00A6635E /* Main.storyboard */; };
		D1F517CF2478A49B00A6635E /* Assets.xcassets in Resources */ = {isa = PBXBuildFile; fileRef = D1F517CE2478A49B00A6635E /* Assets.xcassets */; };
		D1F517D22478A49B00A6635E /* LaunchScreen.storyboard in Resources */ = {isa = PBXBuildFile; fileRef = D1F517D02478A49B00A6635E /* LaunchScreen.storyboard */; };
		D1F517DC2478A55200A6635E /* Cell.swift in Sources */ = {isa = PBXBuildFile; fileRef = D1F517DB2478A55200A6635E /* Cell.swift */; };
		D1F517DF2478A58400A6635E /* Grid.swift in Sources */ = {isa = PBXBuildFile; fileRef = D1F517DE2478A58400A6635E /* Grid.swift */; };
		D1F517E82478C26400A6635E /* GameVC.swift in Sources */ = {isa = PBXBuildFile; fileRef = D1F517E72478C26400A6635E /* GameVC.swift */; };
/* End PBXBuildFile section */

/* Begin PBXFileReference section */
		D174DD83247E16E300FE5747 /* SettingsVC.swift */ = {isa = PBXFileReference; lastKnownFileType = sourcecode.swift; path = SettingsVC.swift; sourceTree = "<group>"; };
		D174DD86247E311800FE5747 /* Settings.swift */ = {isa = PBXFileReference; lastKnownFileType = sourcecode.swift; path = Settings.swift; sourceTree = "<group>"; };
		D174DD89247E32EB00FE5747 /* UIColor+Ext.swift */ = {isa = PBXFileReference; lastKnownFileType = sourcecode.swift; path = "UIColor+Ext.swift"; sourceTree = "<group>"; };
		D174DD8B247E465D00FE5747 /* Notification+Ext.swift */ = {isa = PBXFileReference; lastKnownFileType = sourcecode.swift; path = "Notification+Ext.swift"; sourceTree = "<group>"; };
		D185EE39247F24B300CC41B8 /* PresetCell.swift */ = {isa = PBXFileReference; lastKnownFileType = sourcecode.swift; path = PresetCell.swift; sourceTree = "<group>"; };
		D199EEC8247E68C5009427E7 /* ShapePreset.swift */ = {isa = PBXFileReference; lastKnownFileType = sourcecode.swift; path = ShapePreset.swift; sourceTree = "<group>"; };
		D1DA8FFB247E51F600287A47 /* Fenamenal Game of Life.entitlements */ = {isa = PBXFileReference; lastKnownFileType = text.plist.entitlements; path = "Fenamenal Game of Life.entitlements"; sourceTree = "<group>"; };
		D1F517C22478A49A00A6635E /* Fenamenal Game of Life.app */ = {isa = PBXFileReference; explicitFileType = wrapper.application; includeInIndex = 0; path = "Fenamenal Game of Life.app"; sourceTree = BUILT_PRODUCTS_DIR; };
		D1F517C52478A49A00A6635E /* AppDelegate.swift */ = {isa = PBXFileReference; lastKnownFileType = sourcecode.swift; path = AppDelegate.swift; sourceTree = "<group>"; };
		D1F517C72478A49A00A6635E /* SceneDelegate.swift */ = {isa = PBXFileReference; lastKnownFileType = sourcecode.swift; path = SceneDelegate.swift; sourceTree = "<group>"; };
		D1F517CC2478A49A00A6635E /* Base */ = {isa = PBXFileReference; lastKnownFileType = file.storyboard; name = Base; path = Base.lproj/Main.storyboard; sourceTree = "<group>"; };
		D1F517CE2478A49B00A6635E /* Assets.xcassets */ = {isa = PBXFileReference; lastKnownFileType = folder.assetcatalog; path = Assets.xcassets; sourceTree = "<group>"; };
		D1F517D12478A49B00A6635E /* Base */ = {isa = PBXFileReference; lastKnownFileType = file.storyboard; name = Base; path = Base.lproj/LaunchScreen.storyboard; sourceTree = "<group>"; };
		D1F517D32478A49B00A6635E /* Info.plist */ = {isa = PBXFileReference; lastKnownFileType = text.plist.xml; path = Info.plist; sourceTree = "<group>"; };
		D1F517DB2478A55200A6635E /* Cell.swift */ = {isa = PBXFileReference; lastKnownFileType = sourcecode.swift; path = Cell.swift; sourceTree = "<group>"; };
		D1F517DE2478A58400A6635E /* Grid.swift */ = {isa = PBXFileReference; lastKnownFileType = sourcecode.swift; path = Grid.swift; sourceTree = "<group>"; };
		D1F517E72478C26400A6635E /* GameVC.swift */ = {isa = PBXFileReference; lastKnownFileType = sourcecode.swift; path = GameVC.swift; sourceTree = "<group>"; };
/* End PBXFileReference section */

/* Begin PBXFrameworksBuildPhase section */
		D1F517BF2478A49A00A6635E /* Frameworks */ = {
			isa = PBXFrameworksBuildPhase;
			buildActionMask = 2147483647;
			files = (
			);
			runOnlyForDeploymentPostprocessing = 0;
		};
/* End PBXFrameworksBuildPhase section */

/* Begin PBXGroup section */
		D174DD82247E16A100FE5747 /* Storyboards */ = {
			isa = PBXGroup;
			children = (
				D1F517CB2478A49A00A6635E /* Main.storyboard */,
				D1F517D02478A49B00A6635E /* LaunchScreen.storyboard */,
			);
			path = Storyboards;
			sourceTree = "<group>";
		};
		D174DD85247E310100FE5747 /* Controllers */ = {
			isa = PBXGroup;
			children = (
				D1F517DE2478A58400A6635E /* Grid.swift */,
				D174DD86247E311800FE5747 /* Settings.swift */,
			);
			path = Controllers;
			sourceTree = "<group>";
		};
		D174DD88247E32D400FE5747 /* Extensions */ = {
			isa = PBXGroup;
			children = (
				D174DD89247E32EB00FE5747 /* UIColor+Ext.swift */,
				D174DD8B247E465D00FE5747 /* Notification+Ext.swift */,
			);
			path = Extensions;
			sourceTree = "<group>";
		};
		D199EEC7247E688A009427E7 /* Views */ = {
			isa = PBXGroup;
			children = (
				D199EEC8247E68C5009427E7 /* ShapePreset.swift */,
				D185EE39247F24B300CC41B8 /* PresetCell.swift */,
			);
			path = Views;
			sourceTree = "<group>";
		};
		D1F517B92478A49A00A6635E = {
			isa = PBXGroup;
			children = (
				D1F517C42478A49A00A6635E /* Fenamenal Game of Life */,
				D1F517C32478A49A00A6635E /* Products */,
			);
			sourceTree = "<group>";
		};
		D1F517C32478A49A00A6635E /* Products */ = {
			isa = PBXGroup;
			children = (
				D1F517C22478A49A00A6635E /* Fenamenal Game of Life.app */,
			);
			name = Products;
			sourceTree = "<group>";
		};
		D1F517C42478A49A00A6635E /* Fenamenal Game of Life */ = {
			isa = PBXGroup;
			children = (
				D1DA8FFB247E51F600287A47 /* Fenamenal Game of Life.entitlements */,
				D174DD88247E32D400FE5747 /* Extensions */,
				D174DD85247E310100FE5747 /* Controllers */,
				D174DD82247E16A100FE5747 /* Storyboards */,
				D199EEC7247E688A009427E7 /* Views */,
				D1F517E62478C23100A6635E /* ViewControllers */,
				D1F517D92478A50300A6635E /* Resources */,
				D1F517DD2478A55600A6635E /* Models */,
			);
			path = "Fenamenal Game of Life";
			sourceTree = "<group>";
		};
		D1F517D92478A50300A6635E /* Resources */ = {
			isa = PBXGroup;
			children = (
				D1F517D32478A49B00A6635E /* Info.plist */,
				D1F517CE2478A49B00A6635E /* Assets.xcassets */,
				D1F517C52478A49A00A6635E /* AppDelegate.swift */,
				D1F517C72478A49A00A6635E /* SceneDelegate.swift */,
			);
			path = Resources;
			sourceTree = "<group>";
		};
		D1F517DD2478A55600A6635E /* Models */ = {
			isa = PBXGroup;
			children = (
				D1F517DB2478A55200A6635E /* Cell.swift */,
			);
			path = Models;
			sourceTree = "<group>";
		};
		D1F517E62478C23100A6635E /* ViewControllers */ = {
			isa = PBXGroup;
			children = (
				D1F517E72478C26400A6635E /* GameVC.swift */,
				D174DD83247E16E300FE5747 /* SettingsVC.swift */,
			);
			path = ViewControllers;
			sourceTree = "<group>";
		};
/* End PBXGroup section */

/* Begin PBXNativeTarget section */
		D1F517C12478A49A00A6635E /* Fenamenal Game of Life */ = {
			isa = PBXNativeTarget;
			buildConfigurationList = D1F517D62478A49B00A6635E /* Build configuration list for PBXNativeTarget "Fenamenal Game of Life" */;
			buildPhases = (
				D1F517BE2478A49A00A6635E /* Sources */,
				D1F517BF2478A49A00A6635E /* Frameworks */,
				D1F517C02478A49A00A6635E /* Resources */,
			);
			buildRules = (
			);
			dependencies = (
			);
			name = "Fenamenal Game of Life";
			productName = "Fenamenal Game of Life";
			productReference = D1F517C22478A49A00A6635E /* Fenamenal Game of Life.app */;
			productType = "com.apple.product-type.application";
		};
/* End PBXNativeTarget section */

/* Begin PBXProject section */
		D1F517BA2478A49A00A6635E /* Project object */ = {
			isa = PBXProject;
			attributes = {
				LastSwiftUpdateCheck = 1150;
				LastUpgradeCheck = 1150;
				ORGANIZATIONNAME = "Jonathan Ferrer";
				TargetAttributes = {
					D1F517C12478A49A00A6635E = {
						CreatedOnToolsVersion = 11.5;
					};
				};
			};
			buildConfigurationList = D1F517BD2478A49A00A6635E /* Build configuration list for PBXProject "Fenamenal Game of Life" */;
			compatibilityVersion = "Xcode 9.3";
			developmentRegion = en;
			hasScannedForEncodings = 0;
			knownRegions = (
				en,
				Base,
			);
			mainGroup = D1F517B92478A49A00A6635E;
			productRefGroup = D1F517C32478A49A00A6635E /* Products */;
			projectDirPath = "";
			projectRoot = "";
			targets = (
				D1F517C12478A49A00A6635E /* Fenamenal Game of Life */,
			);
		};
/* End PBXProject section */

/* Begin PBXResourcesBuildPhase section */
		D1F517C02478A49A00A6635E /* Resources */ = {
			isa = PBXResourcesBuildPhase;
			buildActionMask = 2147483647;
			files = (
				D1F517D22478A49B00A6635E /* LaunchScreen.storyboard in Resources */,
				D1F517CF2478A49B00A6635E /* Assets.xcassets in Resources */,
				D1F517CD2478A49A00A6635E /* Main.storyboard in Resources */,
			);
			runOnlyForDeploymentPostprocessing = 0;
		};
/* End PBXResourcesBuildPhase section */

/* Begin PBXSourcesBuildPhase section */
		D1F517BE2478A49A00A6635E /* Sources */ = {
			isa = PBXSourcesBuildPhase;
			buildActionMask = 2147483647;
			files = (
				D1F517C62478A49A00A6635E /* AppDelegate.swift in Sources */,
				D185EE3A247F24B300CC41B8 /* PresetCell.swift in Sources */,
				D174DD8C247E465D00FE5747 /* Notification+Ext.swift in Sources */,
				D199EEC9247E68C5009427E7 /* ShapePreset.swift in Sources */,
				D174DD87247E311800FE5747 /* Settings.swift in Sources */,
				D1F517DF2478A58400A6635E /* Grid.swift in Sources */,
				D1F517C82478A49A00A6635E /* SceneDelegate.swift in Sources */,
				D1F517E82478C26400A6635E /* GameVC.swift in Sources */,
				D174DD8A247E32EB00FE5747 /* UIColor+Ext.swift in Sources */,
				D1F517DC2478A55200A6635E /* Cell.swift in Sources */,
				D174DD84247E16E300FE5747 /* SettingsVC.swift in Sources */,
			);
			runOnlyForDeploymentPostprocessing = 0;
		};
/* End PBXSourcesBuildPhase section */

/* Begin PBXVariantGroup section */
		D1F517CB2478A49A00A6635E /* Main.storyboard */ = {
			isa = PBXVariantGroup;
			children = (
				D1F517CC2478A49A00A6635E /* Base */,
			);
			name = Main.storyboard;
			sourceTree = "<group>";
		};
		D1F517D02478A49B00A6635E /* LaunchScreen.storyboard */ = {
			isa = PBXVariantGroup;
			children = (
				D1F517D12478A49B00A6635E /* Base */,
			);
			name = LaunchScreen.storyboard;
			sourceTree = "<group>";
		};
/* End PBXVariantGroup section */

/* Begin XCBuildConfiguration section */
		D1F517D42478A49B00A6635E /* Debug */ = {
			isa = XCBuildConfiguration;
			buildSettings = {
				ALWAYS_SEARCH_USER_PATHS = NO;
				CLANG_ANALYZER_NONNULL = YES;
				CLANG_ANALYZER_NUMBER_OBJECT_CONVERSION = YES_AGGRESSIVE;
				CLANG_CXX_LANGUAGE_STANDARD = "gnu++14";
				CLANG_CXX_LIBRARY = "libc++";
				CLANG_ENABLE_MODULES = YES;
				CLANG_ENABLE_OBJC_ARC = YES;
				CLANG_ENABLE_OBJC_WEAK = YES;
				CLANG_WARN_BLOCK_CAPTURE_AUTORELEASING = YES;
				CLANG_WARN_BOOL_CONVERSION = YES;
				CLANG_WARN_COMMA = YES;
				CLANG_WARN_CONSTANT_CONVERSION = YES;
				CLANG_WARN_DEPRECATED_OBJC_IMPLEMENTATIONS = YES;
				CLANG_WARN_DIRECT_OBJC_ISA_USAGE = YES_ERROR;
				CLANG_WARN_DOCUMENTATION_COMMENTS = YES;
				CLANG_WARN_EMPTY_BODY = YES;
				CLANG_WARN_ENUM_CONVERSION = YES;
				CLANG_WARN_INFINITE_RECURSION = YES;
				CLANG_WARN_INT_CONVERSION = YES;
				CLANG_WARN_NON_LITERAL_NULL_CONVERSION = YES;
				CLANG_WARN_OBJC_IMPLICIT_RETAIN_SELF = YES;
				CLANG_WARN_OBJC_LITERAL_CONVERSION = YES;
				CLANG_WARN_OBJC_ROOT_CLASS = YES_ERROR;
				CLANG_WARN_RANGE_LOOP_ANALYSIS = YES;
				CLANG_WARN_STRICT_PROTOTYPES = YES;
				CLANG_WARN_SUSPICIOUS_MOVE = YES;
				CLANG_WARN_UNGUARDED_AVAILABILITY = YES_AGGRESSIVE;
				CLANG_WARN_UNREACHABLE_CODE = YES;
				CLANG_WARN__DUPLICATE_METHOD_MATCH = YES;
				COPY_PHASE_STRIP = NO;
				DEBUG_INFORMATION_FORMAT = dwarf;
				ENABLE_STRICT_OBJC_MSGSEND = YES;
				ENABLE_TESTABILITY = YES;
				GCC_C_LANGUAGE_STANDARD = gnu11;
				GCC_DYNAMIC_NO_PIC = NO;
				GCC_NO_COMMON_BLOCKS = YES;
				GCC_OPTIMIZATION_LEVEL = 0;
				GCC_PREPROCESSOR_DEFINITIONS = (
					"DEBUG=1",
					"$(inherited)",
				);
				GCC_WARN_64_TO_32_BIT_CONVERSION = YES;
				GCC_WARN_ABOUT_RETURN_TYPE = YES_ERROR;
				GCC_WARN_UNDECLARED_SELECTOR = YES;
				GCC_WARN_UNINITIALIZED_AUTOS = YES_AGGRESSIVE;
				GCC_WARN_UNUSED_FUNCTION = YES;
				GCC_WARN_UNUSED_VARIABLE = YES;
				IPHONEOS_DEPLOYMENT_TARGET = 13.5;
				MTL_ENABLE_DEBUG_INFO = INCLUDE_SOURCE;
				MTL_FAST_MATH = YES;
				ONLY_ACTIVE_ARCH = YES;
				SDKROOT = iphoneos;
				SWIFT_ACTIVE_COMPILATION_CONDITIONS = DEBUG;
				SWIFT_OPTIMIZATION_LEVEL = "-Onone";
			};
			name = Debug;
		};
		D1F517D52478A49B00A6635E /* Release */ = {
			isa = XCBuildConfiguration;
			buildSettings = {
				ALWAYS_SEARCH_USER_PATHS = NO;
				CLANG_ANALYZER_NONNULL = YES;
				CLANG_ANALYZER_NUMBER_OBJECT_CONVERSION = YES_AGGRESSIVE;
				CLANG_CXX_LANGUAGE_STANDARD = "gnu++14";
				CLANG_CXX_LIBRARY = "libc++";
				CLANG_ENABLE_MODULES = YES;
				CLANG_ENABLE_OBJC_ARC = YES;
				CLANG_ENABLE_OBJC_WEAK = YES;
				CLANG_WARN_BLOCK_CAPTURE_AUTORELEASING = YES;
				CLANG_WARN_BOOL_CONVERSION = YES;
				CLANG_WARN_COMMA = YES;
				CLANG_WARN_CONSTANT_CONVERSION = YES;
				CLANG_WARN_DEPRECATED_OBJC_IMPLEMENTATIONS = YES;
				CLANG_WARN_DIRECT_OBJC_ISA_USAGE = YES_ERROR;
				CLANG_WARN_DOCUMENTATION_COMMENTS = YES;
				CLANG_WARN_EMPTY_BODY = YES;
				CLANG_WARN_ENUM_CONVERSION = YES;
				CLANG_WARN_INFINITE_RECURSION = YES;
				CLANG_WARN_INT_CONVERSION = YES;
				CLANG_WARN_NON_LITERAL_NULL_CONVERSION = YES;
				CLANG_WARN_OBJC_IMPLICIT_RETAIN_SELF = YES;
				CLANG_WARN_OBJC_LITERAL_CONVERSION = YES;
				CLANG_WARN_OBJC_ROOT_CLASS = YES_ERROR;
				CLANG_WARN_RANGE_LOOP_ANALYSIS = YES;
				CLANG_WARN_STRICT_PROTOTYPES = YES;
				CLANG_WARN_SUSPICIOUS_MOVE = YES;
				CLANG_WARN_UNGUARDED_AVAILABILITY = YES_AGGRESSIVE;
				CLANG_WARN_UNREACHABLE_CODE = YES;
				CLANG_WARN__DUPLICATE_METHOD_MATCH = YES;
				COPY_PHASE_STRIP = NO;
				DEBUG_INFORMATION_FORMAT = "dwarf-with-dsym";
				ENABLE_NS_ASSERTIONS = NO;
				ENABLE_STRICT_OBJC_MSGSEND = YES;
				GCC_C_LANGUAGE_STANDARD = gnu11;
				GCC_NO_COMMON_BLOCKS = YES;
				GCC_WARN_64_TO_32_BIT_CONVERSION = YES;
				GCC_WARN_ABOUT_RETURN_TYPE = YES_ERROR;
				GCC_WARN_UNDECLARED_SELECTOR = YES;
				GCC_WARN_UNINITIALIZED_AUTOS = YES_AGGRESSIVE;
				GCC_WARN_UNUSED_FUNCTION = YES;
				GCC_WARN_UNUSED_VARIABLE = YES;
				IPHONEOS_DEPLOYMENT_TARGET = 13.5;
				MTL_ENABLE_DEBUG_INFO = NO;
				MTL_FAST_MATH = YES;
				SDKROOT = iphoneos;
				SWIFT_COMPILATION_MODE = wholemodule;
				SWIFT_OPTIMIZATION_LEVEL = "-O";
				VALIDATE_PRODUCT = YES;
			};
			name = Release;
		};
		D1F517D72478A49B00A6635E /* Debug */ = {
			isa = XCBuildConfiguration;
			buildSettings = {
				ASSETCATALOG_COMPILER_APPICON_NAME = AppIcon;
				CODE_SIGN_ENTITLEMENTS = "Fenamenal Game of Life/Fenamenal Game of Life.entitlements";
				CODE_SIGN_STYLE = Automatic;
				DEVELOPMENT_TEAM = F2KHAE3YT5;
				INFOPLIST_FILE = "Fenamenal Game of Life/Resources/Info.plist";
				IPHONEOS_DEPLOYMENT_TARGET = 13.0;
				LD_RUNPATH_SEARCH_PATHS = (
					"$(inherited)",
					"@executable_path/Frameworks",
				);
				PRODUCT_BUNDLE_IDENTIFIER = "com.jonathanferrer.Fenamenal-Game-of-Life";
				PRODUCT_NAME = "$(TARGET_NAME)";
				SUPPORTS_MACCATALYST = YES;
				SWIFT_VERSION = 5.0;
				TARGETED_DEVICE_FAMILY = "1,2";
			};
			name = Debug;
		};
		D1F517D82478A49B00A6635E /* Release */ = {
			isa = XCBuildConfiguration;
			buildSettings = {
				ASSETCATALOG_COMPILER_APPICON_NAME = AppIcon;
				CODE_SIGN_ENTITLEMENTS = "Fenamenal Game of Life/Fenamenal Game of Life.entitlements";
				CODE_SIGN_STYLE = Automatic;
				DEVELOPMENT_TEAM = F2KHAE3YT5;
				INFOPLIST_FILE = "Fenamenal Game of Life/Resources/Info.plist";
				IPHONEOS_DEPLOYMENT_TARGET = 13.0;
				LD_RUNPATH_SEARCH_PATHS = (
					"$(inherited)",
					"@executable_path/Frameworks",
				);
				PRODUCT_BUNDLE_IDENTIFIER = "com.jonathanferrer.Fenamenal-Game-of-Life";
				PRODUCT_NAME = "$(TARGET_NAME)";
				SUPPORTS_MACCATALYST = YES;
				SWIFT_VERSION = 5.0;
				TARGETED_DEVICE_FAMILY = "1,2";
			};
			name = Release;
		};
/* End XCBuildConfiguration section */

/* Begin XCConfigurationList section */
		D1F517BD2478A49A00A6635E /* Build configuration list for PBXProject "Fenamenal Game of Life" */ = {
			isa = XCConfigurationList;
			buildConfigurations = (
				D1F517D42478A49B00A6635E /* Debug */,
				D1F517D52478A49B00A6635E /* Release */,
			);
			defaultConfigurationIsVisible = 0;
			defaultConfigurationName = Release;
		};
		D1F517D62478A49B00A6635E /* Build configuration list for PBXNativeTarget "Fenamenal Game of Life" */ = {
			isa = XCConfigurationList;
			buildConfigurations = (
				D1F517D72478A49B00A6635E /* Debug */,
				D1F517D82478A49B00A6635E /* Release */,
			);
			defaultConfigurationIsVisible = 0;
			defaultConfigurationName = Release;
		};
/* End XCConfigurationList section */
	};
	rootObject = D1F517BA2478A49A00A6635E /* Project object */;
}
